
Microsoft Visual Studio Solution File, Format Version 12.00
# Visual Studio 15
VisualStudioVersion = 15.0.26430.15
MinimumVisualStudioVersion = 10.0.40219.1
Project("{FAE04EC0-301F-11D3-BF4B-00C04F79EFBC}") = "LiveWithPrism", "LiveWithPrism\LiveWithPrism\LiveWithPrism.csproj", "{832CF25E-CCB3-4099-B34B-9D2E39DA5A52}"
EndProject
Project("{FAE04EC0-301F-11D3-BF4B-00C04F79EFBC}") = "LiveWithPrism.Droid", "LiveWithPrism\LiveWithPrism.Droid\LiveWithPrism.Droid.csproj", "{478177AF-A7DB-47E6-AF75-A9F4BC82E0AE}"
EndProject
Project("{FAE04EC0-301F-11D3-BF4B-00C04F79EFBC}") = "LiveWithPrism.iOS", "LiveWithPrism\LiveWithPrism.iOS\LiveWithPrism.iOS.csproj", "{FC816E80-B95D-4E1E-BCDF-3D87A0A7F69C}"
EndProject
Project("{FAE04EC0-301F-11D3-BF4B-00C04F79EFBC}") = "LiveWithPrism.UWP", "LiveWithPrism\LiveWithPrism.UWP\LiveWithPrism.UWP.csproj", "{540DE6FE-C495-4C76-B1CF-4E670B49C014}"
EndProject
Global
	GlobalSection(SolutionConfigurationPlatforms) = preSolution
		Ad-Hoc|Any CPU = Ad-Hoc|Any CPU
		Ad-Hoc|ARM = Ad-Hoc|ARM
		Ad-Hoc|iPhone = Ad-Hoc|iPhone
		Ad-Hoc|iPhoneSimulator = Ad-Hoc|iPhoneSimulator
		Ad-Hoc|x64 = Ad-Hoc|x64
		Ad-Hoc|x86 = Ad-Hoc|x86
		AppStore|Any CPU = AppStore|Any CPU
		AppStore|ARM = AppStore|ARM
		AppStore|iPhone = AppStore|iPhone
		AppStore|iPhoneSimulator = AppStore|iPhoneSimulator
		AppStore|x64 = AppStore|x64
		AppStore|x86 = AppStore|x86
		Debug|Any CPU = Debug|Any CPU
		Debug|ARM = Debug|ARM
		Debug|iPhone = Debug|iPhone
		Debug|iPhoneSimulator = Debug|iPhoneSimulator
		Debug|x64 = Debug|x64
		Debug|x86 = Debug|x86
		Release|Any CPU = Release|Any CPU
		Release|ARM = Release|ARM
		Release|iPhone = Release|iPhone
		Release|iPhoneSimulator = Release|iPhoneSimulator
		Release|x64 = Release|x64
		Release|x86 = Release|x86
	EndGlobalSection
	GlobalSection(ProjectConfigurationPlatforms) = postSolution
		{832CF25E-CCB3-4099-B34B-9D2E39DA5A52}.Ad-Hoc|Any CPU.ActiveCfg = Release|Any CPU
		{832CF25E-CCB3-4099-B34B-9D2E39DA5A52}.Ad-Hoc|Any CPU.Build.0 = Release|Any CPU
		{832CF25E-CCB3-4099-B34B-9D2E39DA5A52}.Ad-Hoc|ARM.ActiveCfg = Release|Any CPU
		{832CF25E-CCB3-4099-B34B-9D2E39DA5A52}.Ad-Hoc|ARM.Build.0 = Release|Any CPU
		{832CF25E-CCB3-4099-B34B-9D2E39DA5A52}.Ad-Hoc|iPhone.ActiveCfg = Release|Any CPU
		{832CF25E-CCB3-4099-B34B-9D2E39DA5A52}.Ad-Hoc|iPhone.Build.0 = Release|Any CPU
		{832CF25E-CCB3-4099-B34B-9D2E39DA5A52}.Ad-Hoc|iPhoneSimulator.ActiveCfg = Release|Any CPU
		{832CF25E-CCB3-4099-B34B-9D2E39DA5A52}.Ad-Hoc|iPhoneSimulator.Build.0 = Release|Any CPU
		{832CF25E-CCB3-4099-B34B-9D2E39DA5A52}.Ad-Hoc|x64.ActiveCfg = Release|Any CPU
		{832CF25E-CCB3-4099-B34B-9D2E39DA5A52}.Ad-Hoc|x64.Build.0 = Release|Any CPU
		{832CF25E-CCB3-4099-B34B-9D2E39DA5A52}.Ad-Hoc|x86.ActiveCfg = Release|Any CPU
		{832CF25E-CCB3-4099-B34B-9D2E39DA5A52}.Ad-Hoc|x86.Build.0 = Release|Any CPU
		{832CF25E-CCB3-4099-B34B-9D2E39DA5A52}.AppStore|Any CPU.ActiveCfg = Release|Any CPU
		{832CF25E-CCB3-4099-B34B-9D2E39DA5A52}.AppStore|Any CPU.Build.0 = Release|Any CPU
		{832CF25E-CCB3-4099-B34B-9D2E39DA5A52}.AppStore|ARM.ActiveCfg = Release|Any CPU
		{832CF25E-CCB3-4099-B34B-9D2E39DA5A52}.AppStore|ARM.Build.0 = Release|Any CPU
		{832CF25E-CCB3-4099-B34B-9D2E39DA5A52}.AppStore|iPhone.ActiveCfg = Release|Any CPU
		{832CF25E-CCB3-4099-B34B-9D2E39DA5A52}.AppStore|iPhone.Build.0 = Release|Any CPU
		{832CF25E-CCB3-4099-B34B-9D2E39DA5A52}.AppStore|iPhoneSimulator.ActiveCfg = Release|Any CPU
		{832CF25E-CCB3-4099-B34B-9D2E39DA5A52}.AppStore|iPhoneSimulator.Build.0 = Release|Any CPU
		{832CF25E-CCB3-4099-B34B-9D2E39DA5A52}.AppStore|x64.ActiveCfg = Release|Any CPU
		{832CF25E-CCB3-4099-B34B-9D2E39DA5A52}.AppStore|x64.Build.0 = Release|Any CPU
		{832CF25E-CCB3-4099-B34B-9D2E39DA5A52}.AppStore|x86.ActiveCfg = Release|Any CPU
		{832CF25E-CCB3-4099-B34B-9D2E39DA5A52}.AppStore|x86.Build.0 = Release|Any CPU
		{832CF25E-CCB3-4099-B34B-9D2E39DA5A52}.Debug|Any CPU.ActiveCfg = Debug|Any CPU
		{832CF25E-CCB3-4099-B34B-9D2E39DA5A52}.Debug|Any CPU.Build.0 = Debug|Any CPU
		{832CF25E-CCB3-4099-B34B-9D2E39DA5A52}.Debug|ARM.ActiveCfg = Debug|Any CPU
		{832CF25E-CCB3-4099-B34B-9D2E39DA5A52}.Debug|ARM.Build.0 = Debug|Any CPU
		{832CF25E-CCB3-4099-B34B-9D2E39DA5A52}.Debug|iPhone.ActiveCfg = Debug|Any CPU
		{832CF25E-CCB3-4099-B34B-9D2E39DA5A52}.Debug|iPhone.Build.0 = Debug|Any CPU
		{832CF25E-CCB3-4099-B34B-9D2E39DA5A52}.Debug|iPhoneSimulator.ActiveCfg = Debug|Any CPU
		{832CF25E-CCB3-4099-B34B-9D2E39DA5A52}.Debug|iPhoneSimulator.Build.0 = Debug|Any CPU
		{832CF25E-CCB3-4099-B34B-9D2E39DA5A52}.Debug|x64.ActiveCfg = Debug|Any CPU
		{832CF25E-CCB3-4099-B34B-9D2E39DA5A52}.Debug|x64.Build.0 = Debug|Any CPU
		{832CF25E-CCB3-4099-B34B-9D2E39DA5A52}.Debug|x86.ActiveCfg = Debug|Any CPU
		{832CF25E-CCB3-4099-B34B-9D2E39DA5A52}.Debug|x86.Build.0 = Debug|Any CPU
		{832CF25E-CCB3-4099-B34B-9D2E39DA5A52}.Release|Any CPU.ActiveCfg = Release|Any CPU
		{832CF25E-CCB3-4099-B34B-9D2E39DA5A52}.Release|Any CPU.Build.0 = Release|Any CPU
		{832CF25E-CCB3-4099-B34B-9D2E39DA5A52}.Release|ARM.ActiveCfg = Release|Any CPU
		{832CF25E-CCB3-4099-B34B-9D2E39DA5A52}.Release|ARM.Build.0 = Release|Any CPU
		{832CF25E-CCB3-4099-B34B-9D2E39DA5A52}.Release|iPhone.ActiveCfg = Release|Any CPU
		{832CF25E-CCB3-4099-B34B-9D2E39DA5A52}.Release|iPhone.Build.0 = Release|Any CPU
		{832CF25E-CCB3-4099-B34B-9D2E39DA5A52}.Release|iPhoneSimulator.ActiveCfg = Release|Any CPU
		{832CF25E-CCB3-4099-B34B-9D2E39DA5A52}.Release|iPhoneSimulator.Build.0 = Release|Any CPU
		{832CF25E-CCB3-4099-B34B-9D2E39DA5A52}.Release|x64.ActiveCfg = Release|Any CPU
		{832CF25E-CCB3-4099-B34B-9D2E39DA5A52}.Release|x64.Build.0 = Release|Any CPU
		{832CF25E-CCB3-4099-B34B-9D2E39DA5A52}.Release|x86.ActiveCfg = Release|Any CPU
		{832CF25E-CCB3-4099-B34B-9D2E39DA5A52}.Release|x86.Build.0 = Release|Any CPU
		{478177AF-A7DB-47E6-AF75-A9F4BC82E0AE}.Ad-Hoc|Any CPU.ActiveCfg = Release|Any CPU
		{478177AF-A7DB-47E6-AF75-A9F4BC82E0AE}.Ad-Hoc|Any CPU.Build.0 = Release|Any CPU
		{478177AF-A7DB-47E6-AF75-A9F4BC82E0AE}.Ad-Hoc|Any CPU.Deploy.0 = Release|Any CPU
		{478177AF-A7DB-47E6-AF75-A9F4BC82E0AE}.Ad-Hoc|ARM.ActiveCfg = Release|Any CPU
		{478177AF-A7DB-47E6-AF75-A9F4BC82E0AE}.Ad-Hoc|ARM.Build.0 = Release|Any CPU
		{478177AF-A7DB-47E6-AF75-A9F4BC82E0AE}.Ad-Hoc|ARM.Deploy.0 = Release|Any CPU
		{478177AF-A7DB-47E6-AF75-A9F4BC82E0AE}.Ad-Hoc|iPhone.ActiveCfg = Release|Any CPU
		{478177AF-A7DB-47E6-AF75-A9F4BC82E0AE}.Ad-Hoc|iPhone.Build.0 = Release|Any CPU
		{478177AF-A7DB-47E6-AF75-A9F4BC82E0AE}.Ad-Hoc|iPhone.Deploy.0 = Release|Any CPU
		{478177AF-A7DB-47E6-AF75-A9F4BC82E0AE}.Ad-Hoc|iPhoneSimulator.ActiveCfg = Release|Any CPU
		{478177AF-A7DB-47E6-AF75-A9F4BC82E0AE}.Ad-Hoc|iPhoneSimulator.Build.0 = Release|Any CPU
		{478177AF-A7DB-47E6-AF75-A9F4BC82E0AE}.Ad-Hoc|iPhoneSimulator.Deploy.0 = Release|Any CPU
		{478177AF-A7DB-47E6-AF75-A9F4BC82E0AE}.Ad-Hoc|x64.ActiveCfg = Release|Any CPU
		{478177AF-A7DB-47E6-AF75-A9F4BC82E0AE}.Ad-Hoc|x64.Build.0 = Release|Any CPU
		{478177AF-A7DB-47E6-AF75-A9F4BC82E0AE}.Ad-Hoc|x64.Deploy.0 = Release|Any CPU
		{478177AF-A7DB-47E6-AF75-A9F4BC82E0AE}.Ad-Hoc|x86.ActiveCfg = Release|Any CPU
		{478177AF-A7DB-47E6-AF75-A9F4BC82E0AE}.Ad-Hoc|x86.Build.0 = Release|Any CPU
		{478177AF-A7DB-47E6-AF75-A9F4BC82E0AE}.Ad-Hoc|x86.Deploy.0 = Release|Any CPU
		{478177AF-A7DB-47E6-AF75-A9F4BC82E0AE}.AppStore|Any CPU.ActiveCfg = Release|Any CPU
		{478177AF-A7DB-47E6-AF75-A9F4BC82E0AE}.AppStore|Any CPU.Build.0 = Release|Any CPU
		{478177AF-A7DB-47E6-AF75-A9F4BC82E0AE}.AppStore|Any CPU.Deploy.0 = Release|Any CPU
		{478177AF-A7DB-47E6-AF75-A9F4BC82E0AE}.AppStore|ARM.ActiveCfg = Release|Any CPU
		{478177AF-A7DB-47E6-AF75-A9F4BC82E0AE}.AppStore|ARM.Build.0 = Release|Any CPU
		{478177AF-A7DB-47E6-AF75-A9F4BC82E0AE}.AppStore|ARM.Deploy.0 = Release|Any CPU
		{478177AF-A7DB-47E6-AF75-A9F4BC82E0AE}.AppStore|iPhone.ActiveCfg = Release|Any CPU
		{478177AF-A7DB-47E6-AF75-A9F4BC82E0AE}.AppStore|iPhone.Build.0 = Release|Any CPU
		{478177AF-A7DB-47E6-AF75-A9F4BC82E0AE}.AppStore|iPhone.Deploy.0 = Release|Any CPU
		{478177AF-A7DB-47E6-AF75-A9F4BC82E0AE}.AppStore|iPhoneSimulator.ActiveCfg = Release|Any CPU
		{478177AF-A7DB-47E6-AF75-A9F4BC82E0AE}.AppStore|iPhoneSimulator.Build.0 = Release|Any CPU
		{478177AF-A7DB-47E6-AF75-A9F4BC82E0AE}.AppStore|iPhoneSimulator.Deploy.0 = Release|Any CPU
		{478177AF-A7DB-47E6-AF75-A9F4BC82E0AE}.AppStore|x64.ActiveCfg = Release|Any CPU
		{478177AF-A7DB-47E6-AF75-A9F4BC82E0AE}.AppStore|x64.Build.0 = Release|Any CPU
		{478177AF-A7DB-47E6-AF75-A9F4BC82E0AE}.AppStore|x64.Deploy.0 = Release|Any CPU
		{478177AF-A7DB-47E6-AF75-A9F4BC82E0AE}.AppStore|x86.ActiveCfg = Release|Any CPU
		{478177AF-A7DB-47E6-AF75-A9F4BC82E0AE}.AppStore|x86.Build.0 = Release|Any CPU
		{478177AF-A7DB-47E6-AF75-A9F4BC82E0AE}.AppStore|x86.Deploy.0 = Release|Any CPU
		{478177AF-A7DB-47E6-AF75-A9F4BC82E0AE}.Debug|Any CPU.ActiveCfg = Debug|Any CPU
		{478177AF-A7DB-47E6-AF75-A9F4BC82E0AE}.Debug|Any CPU.Build.0 = Debug|Any CPU
		{478177AF-A7DB-47E6-AF75-A9F4BC82E0AE}.Debug|Any CPU.Deploy.0 = Debug|Any CPU
		{478177AF-A7DB-47E6-AF75-A9F4BC82E0AE}.Debug|ARM.ActiveCfg = Debug|Any CPU
		{478177AF-A7DB-47E6-AF75-A9F4BC82E0AE}.Debug|ARM.Build.0 = Debug|Any CPU
		{478177AF-A7DB-47E6-AF75-A9F4BC82E0AE}.Debug|ARM.Deploy.0 = Debug|Any CPU
		{478177AF-A7DB-47E6-AF75-A9F4BC82E0AE}.Debug|iPhone.ActiveCfg = Debug|Any CPU
		{478177AF-A7DB-47E6-AF75-A9F4BC82E0AE}.Debug|iPhone.Build.0 = Debug|Any CPU
		{478177AF-A7DB-47E6-AF75-A9F4BC82E0AE}.Debug|iPhone.Deploy.0 = Debug|Any CPU
		{478177AF-A7DB-47E6-AF75-A9F4BC82E0AE}.Debug|iPhoneSimulator.ActiveCfg = Debug|Any CPU
		{478177AF-A7DB-47E6-AF75-A9F4BC82E0AE}.Debug|iPhoneSimulator.Build.0 = Debug|Any CPU
		{478177AF-A7DB-47E6-AF75-A9F4BC82E0AE}.Debug|iPhoneSimulator.Deploy.0 = Debug|Any CPU
		{478177AF-A7DB-47E6-AF75-A9F4BC82E0AE}.Debug|x64.ActiveCfg = Debug|Any CPU
		{478177AF-A7DB-47E6-AF75-A9F4BC82E0AE}.Debug|x64.Build.0 = Debug|Any CPU
		{478177AF-A7DB-47E6-AF75-A9F4BC82E0AE}.Debug|x64.Deploy.0 = Debug|Any CPU
		{478177AF-A7DB-47E6-AF75-A9F4BC82E0AE}.Debug|x86.ActiveCfg = Debug|Any CPU
		{478177AF-A7DB-47E6-AF75-A9F4BC82E0AE}.Debug|x86.Build.0 = Debug|Any CPU
		{478177AF-A7DB-47E6-AF75-A9F4BC82E0AE}.Debug|x86.Deploy.0 = Debug|Any CPU
		{478177AF-A7DB-47E6-AF75-A9F4BC82E0AE}.Release|Any CPU.ActiveCfg = Release|Any CPU
		{478177AF-A7DB-47E6-AF75-A9F4BC82E0AE}.Release|Any CPU.Build.0 = Release|Any CPU
		{478177AF-A7DB-47E6-AF75-A9F4BC82E0AE}.Release|Any CPU.Deploy.0 = Release|Any CPU
		{478177AF-A7DB-47E6-AF75-A9F4BC82E0AE}.Release|ARM.ActiveCfg = Release|Any CPU
		{478177AF-A7DB-47E6-AF75-A9F4BC82E0AE}.Release|ARM.Build.0 = Release|Any CPU
		{478177AF-A7DB-47E6-AF75-A9F4BC82E0AE}.Release|ARM.Deploy.0 = Release|Any CPU
		{478177AF-A7DB-47E6-AF75-A9F4BC82E0AE}.Release|iPhone.ActiveCfg = Release|Any CPU
		{478177AF-A7DB-47E6-AF75-A9F4BC82E0AE}.Release|iPhone.Build.0 = Release|Any CPU
		{478177AF-A7DB-47E6-AF75-A9F4BC82E0AE}.Release|iPhone.Deploy.0 = Release|Any CPU
		{478177AF-A7DB-47E6-AF75-A9F4BC82E0AE}.Release|iPhoneSimulator.ActiveCfg = Release|Any CPU
		{478177AF-A7DB-47E6-AF75-A9F4BC82E0AE}.Release|iPhoneSimulator.Build.0 = Release|Any CPU
		{478177AF-A7DB-47E6-AF75-A9F4BC82E0AE}.Release|iPhoneSimulator.Deploy.0 = Release|Any CPU
		{478177AF-A7DB-47E6-AF75-A9F4BC82E0AE}.Release|x64.ActiveCfg = Release|Any CPU
		{478177AF-A7DB-47E6-AF75-A9F4BC82E0AE}.Release|x64.Build.0 = Release|Any CPU
		{478177AF-A7DB-47E6-AF75-A9F4BC82E0AE}.Release|x64.Deploy.0 = Release|Any CPU
		{478177AF-A7DB-47E6-AF75-A9F4BC82E0AE}.Release|x86.ActiveCfg = Release|Any CPU
		{478177AF-A7DB-47E6-AF75-A9F4BC82E0AE}.Release|x86.Build.0 = Release|Any CPU
		{478177AF-A7DB-47E6-AF75-A9F4BC82E0AE}.Release|x86.Deploy.0 = Release|Any CPU
		{FC816E80-B95D-4E1E-BCDF-3D87A0A7F69C}.Ad-Hoc|Any CPU.ActiveCfg = Ad-Hoc|iPhone
		{FC816E80-B95D-4E1E-BCDF-3D87A0A7F69C}.Ad-Hoc|ARM.ActiveCfg = Ad-Hoc|iPhone
		{FC816E80-B95D-4E1E-BCDF-3D87A0A7F69C}.Ad-Hoc|iPhone.ActiveCfg = Ad-Hoc|iPhone
		{FC816E80-B95D-4E1E-BCDF-3D87A0A7F69C}.Ad-Hoc|iPhone.Build.0 = Ad-Hoc|iPhone
		{FC816E80-B95D-4E1E-BCDF-3D87A0A7F69C}.Ad-Hoc|iPhoneSimulator.ActiveCfg = Ad-Hoc|iPhoneSimulator
		{FC816E80-B95D-4E1E-BCDF-3D87A0A7F69C}.Ad-Hoc|iPhoneSimulator.Build.0 = Ad-Hoc|iPhoneSimulator
		{FC816E80-B95D-4E1E-BCDF-3D87A0A7F69C}.Ad-Hoc|x64.ActiveCfg = Ad-Hoc|iPhone
		{FC816E80-B95D-4E1E-BCDF-3D87A0A7F69C}.Ad-Hoc|x86.ActiveCfg = Ad-Hoc|iPhone
		{FC816E80-B95D-4E1E-BCDF-3D87A0A7F69C}.AppStore|Any CPU.ActiveCfg = AppStore|iPhone
		{FC816E80-B95D-4E1E-BCDF-3D87A0A7F69C}.AppStore|ARM.ActiveCfg = AppStore|iPhone
		{FC816E80-B95D-4E1E-BCDF-3D87A0A7F69C}.AppStore|iPhone.ActiveCfg = AppStore|iPhone
		{FC816E80-B95D-4E1E-BCDF-3D87A0A7F69C}.AppStore|iPhone.Build.0 = AppStore|iPhone
		{FC816E80-B95D-4E1E-BCDF-3D87A0A7F69C}.AppStore|iPhoneSimulator.ActiveCfg = AppStore|iPhoneSimulator
		{FC816E80-B95D-4E1E-BCDF-3D87A0A7F69C}.AppStore|iPhoneSimulator.Build.0 = AppStore|iPhoneSimulator
		{FC816E80-B95D-4E1E-BCDF-3D87A0A7F69C}.AppStore|x64.ActiveCfg = AppStore|iPhone
		{FC816E80-B95D-4E1E-BCDF-3D87A0A7F69C}.AppStore|x86.ActiveCfg = AppStore|iPhone
		{FC816E80-B95D-4E1E-BCDF-3D87A0A7F69C}.Debug|Any CPU.ActiveCfg = Debug|iPhone
		{FC816E80-B95D-4E1E-BCDF-3D87A0A7F69C}.Debug|ARM.ActiveCfg = Debug|iPhone
		{FC816E80-B95D-4E1E-BCDF-3D87A0A7F69C}.Debug|iPhone.ActiveCfg = Debug|iPhone
		{FC816E80-B95D-4E1E-BCDF-3D87A0A7F69C}.Debug|iPhone.Build.0 = Debug|iPhone
		{FC816E80-B95D-4E1E-BCDF-3D87A0A7F69C}.Debug|iPhoneSimulator.ActiveCfg = Debug|iPhoneSimulator
		{FC816E80-B95D-4E1E-BCDF-3D87A0A7F69C}.Debug|iPhoneSimulator.Build.0 = Debug|iPhoneSimulator
		{FC816E80-B95D-4E1E-BCDF-3D87A0A7F69C}.Debug|x64.ActiveCfg = Debug|iPhone
		{FC816E80-B95D-4E1E-BCDF-3D87A0A7F69C}.Debug|x86.ActiveCfg = Debug|iPhone
		{FC816E80-B95D-4E1E-BCDF-3D87A0A7F69C}.Release|Any CPU.ActiveCfg = Release|iPhone
		{FC816E80-B95D-4E1E-BCDF-3D87A0A7F69C}.Release|ARM.ActiveCfg = Release|iPhone
		{FC816E80-B95D-4E1E-BCDF-3D87A0A7F69C}.Release|iPhone.ActiveCfg = Release|iPhone
		{FC816E80-B95D-4E1E-BCDF-3D87A0A7F69C}.Release|iPhone.Build.0 = Release|iPhone
		{FC816E80-B95D-4E1E-BCDF-3D87A0A7F69C}.Release|iPhoneSimulator.ActiveCfg = Release|iPhoneSimulator
		{FC816E80-B95D-4E1E-BCDF-3D87A0A7F69C}.Release|iPhoneSimulator.Build.0 = Release|iPhoneSimulator
		{FC816E80-B95D-4E1E-BCDF-3D87A0A7F69C}.Release|x64.ActiveCfg = Release|iPhone
		{FC816E80-B95D-4E1E-BCDF-3D87A0A7F69C}.Release|x86.ActiveCfg = Release|iPhone
		{540DE6FE-C495-4C76-B1CF-4E670B49C014}.Ad-Hoc|Any CPU.ActiveCfg = Release|x86
		{540DE6FE-C495-4C76-B1CF-4E670B49C014}.Ad-Hoc|Any CPU.Build.0 = Release|x86
		{540DE6FE-C495-4C76-B1CF-4E670B49C014}.Ad-Hoc|Any CPU.Deploy.0 = Release|x86
		{540DE6FE-C495-4C76-B1CF-4E670B49C014}.Ad-Hoc|ARM.ActiveCfg = Release|ARM
		{540DE6FE-C495-4C76-B1CF-4E670B49C014}.Ad-Hoc|ARM.Build.0 = Release|ARM
		{540DE6FE-C495-4C76-B1CF-4E670B49C014}.Ad-Hoc|ARM.Deploy.0 = Release|ARM
		{540DE6FE-C495-4C76-B1CF-4E670B49C014}.Ad-Hoc|iPhone.ActiveCfg = Release|x86
		{540DE6FE-C495-4C76-B1CF-4E670B49C014}.Ad-Hoc|iPhone.Build.0 = Release|x86
		{540DE6FE-C495-4C76-B1CF-4E670B49C014}.Ad-Hoc|iPhone.Deploy.0 = Release|x86
		{540DE6FE-C495-4C76-B1CF-4E670B49C014}.Ad-Hoc|iPhoneSimulator.ActiveCfg = Release|x86
		{540DE6FE-C495-4C76-B1CF-4E670B49C014}.Ad-Hoc|iPhoneSimulator.Build.0 = Release|x86
		{540DE6FE-C495-4C76-B1CF-4E670B49C014}.Ad-Hoc|iPhoneSimulator.Deploy.0 = Release|x86
		{540DE6FE-C495-4C76-B1CF-4E670B49C014}.Ad-Hoc|x64.ActiveCfg = Release|x64
		{540DE6FE-C495-4C76-B1CF-4E670B49C014}.Ad-Hoc|x64.Build.0 = Release|x64
		{540DE6FE-C495-4C76-B1CF-4E670B49C014}.Ad-Hoc|x64.Deploy.0 = Release|x64
		{540DE6FE-C495-4C76-B1CF-4E670B49C014}.Ad-Hoc|x86.ActiveCfg = Release|x86
		{540DE6FE-C495-4C76-B1CF-4E670B49C014}.Ad-Hoc|x86.Build.0 = Release|x86
		{540DE6FE-C495-4C76-B1CF-4E670B49C014}.Ad-Hoc|x86.Deploy.0 = Release|x86
		{540DE6FE-C495-4C76-B1CF-4E670B49C014}.AppStore|Any CPU.ActiveCfg = Release|x86
		{540DE6FE-C495-4C76-B1CF-4E670B49C014}.AppStore|Any CPU.Build.0 = Release|x86
		{540DE6FE-C495-4C76-B1CF-4E670B49C014}.AppStore|Any CPU.Deploy.0 = Release|x86
		{540DE6FE-C495-4C76-B1CF-4E670B49C014}.AppStore|ARM.ActiveCfg = Release|ARM
		{540DE6FE-C495-4C76-B1CF-4E670B49C014}.AppStore|ARM.Build.0 = Release|ARM
		{540DE6FE-C495-4C76-B1CF-4E670B49C014}.AppStore|ARM.Deploy.0 = Release|ARM
		{540DE6FE-C495-4C76-B1CF-4E670B49C014}.AppStore|iPhone.ActiveCfg = Release|x86
		{540DE6FE-C495-4C76-B1CF-4E670B49C014}.AppStore|iPhone.Build.0 = Release|x86
		{540DE6FE-C495-4C76-B1CF-4E670B49C014}.AppStore|iPhone.Deploy.0 = Release|x86
		{540DE6FE-C495-4C76-B1CF-4E670B49C014}.AppStore|iPhoneSimulator.ActiveCfg = Release|x86
		{540DE6FE-C495-4C76-B1CF-4E670B49C014}.AppStore|iPhoneSimulator.Build.0 = Release|x86
		{540DE6FE-C495-4C76-B1CF-4E670B49C014}.AppStore|iPhoneSimulator.Deploy.0 = Release|x86
		{540DE6FE-C495-4C76-B1CF-4E670B49C014}.AppStore|x64.ActiveCfg = Release|x64
		{540DE6FE-C495-4C76-B1CF-4E670B49C014}.AppStore|x64.Build.0 = Release|x64
		{540DE6FE-C495-4C76-B1CF-4E670B49C014}.AppStore|x64.Deploy.0 = Release|x64
		{540DE6FE-C495-4C76-B1CF-4E670B49C014}.AppStore|x86.ActiveCfg = Release|x86
		{540DE6FE-C495-4C76-B1CF-4E670B49C014}.AppStore|x86.Build.0 = Release|x86
		{540DE6FE-C495-4C76-B1CF-4E670B49C014}.AppStore|x86.Deploy.0 = Release|x86
		{540DE6FE-C495-4C76-B1CF-4E670B49C014}.Debug|Any CPU.ActiveCfg = Debug|x86
		{540DE6FE-C495-4C76-B1CF-4E670B49C014}.Debug|ARM.ActiveCfg = Debug|ARM
		{540DE6FE-C495-4C76-B1CF-4E670B49C014}.Debug|ARM.Build.0 = Debug|ARM
		{540DE6FE-C495-4C76-B1CF-4E670B49C014}.Debug|ARM.Deploy.0 = Debug|ARM
		{540DE6FE-C495-4C76-B1CF-4E670B49C014}.Debug|iPhone.ActiveCfg = Debug|x86
		{540DE6FE-C495-4C76-B1CF-4E670B49C014}.Debug|iPhoneSimulator.ActiveCfg = Debug|x86
		{540DE6FE-C495-4C76-B1CF-4E670B49C014}.Debug|x64.ActiveCfg = Debug|x64
		{540DE6FE-C495-4C76-B1CF-4E670B49C014}.Debug|x64.Build.0 = Debug|x64
		{540DE6FE-C495-4C76-B1CF-4E670B49C014}.Debug|x64.Deploy.0 = Debug|x64
		{540DE6FE-C495-4C76-B1CF-4E670B49C014}.Debug|x86.ActiveCfg = Debug|x86
		{540DE6FE-C495-4C76-B1CF-4E670B49C014}.Debug|x86.Build.0 = Debug|x86
		{540DE6FE-C495-4C76-B1CF-4E670B49C014}.Debug|x86.Deploy.0 = Debug|x86
		{540DE6FE-C495-4C76-B1CF-4E670B49C014}.Release|Any CPU.ActiveCfg = Release|x86
		{540DE6FE-C495-4C76-B1CF-4E670B49C014}.Release|ARM.ActiveCfg = Release|ARM
		{540DE6FE-C495-4C76-B1CF-4E670B49C014}.Release|ARM.Build.0 = Release|ARM
		{540DE6FE-C495-4C76-B1CF-4E670B49C014}.Release|ARM.Deploy.0 = Release|ARM
		{540DE6FE-C495-4C76-B1CF-4E670B49C014}.Release|iPhone.ActiveCfg = Release|x86
		{540DE6FE-C495-4C76-B1CF-4E670B49C014}.Release|iPhoneSimulator.ActiveCfg = Release|x86
		{540DE6FE-C495-4C76-B1CF-4E670B49C014}.Release|x64.ActiveCfg = Release|x64
		{540DE6FE-C495-4C76-B1CF-4E670B49C014}.Release|x64.Build.0 = Release|x64
		{540DE6FE-C495-4C76-B1CF-4E670B49C014}.Release|x64.Deploy.0 = Release|x64
		{540DE6FE-C495-4C76-B1CF-4E670B49C014}.Release|x86.ActiveCfg = Release|x86
		{540DE6FE-C495-4C76-B1CF-4E670B49C014}.Release|x86.Build.0 = Release|x86
		{540DE6FE-C495-4C76-B1CF-4E670B49C014}.Release|x86.Deploy.0 = Release|x86
	EndGlobalSection
	GlobalSection(SolutionProperties) = preSolution
		HideSolutionNode = FALSE
	EndGlobalSection
EndGlobal
