
Microsoft Visual Studio Solution File, Format Version 12.00
# Visual Studio 15
VisualStudioVersion = 15.0.26430.16
MinimumVisualStudioVersion = 10.0.40219.1
Project("{FAE04EC0-301F-11D3-BF4B-00C04F79EFBC}") = "SimplestSample.Android", "SimplestSample\SimplestSample.Android\SimplestSample.Android.csproj", "{9985B44F-93DE-4662-9AA2-D04705477418}"
EndProject
Project("{FAE04EC0-301F-11D3-BF4B-00C04F79EFBC}") = "SimplestSample", "SimplestSample\SimplestSample\SimplestSample.csproj", "{085E4871-D3FA-444D-86C2-3281ACFEAAE1}"
EndProject
Project("{FAE04EC0-301F-11D3-BF4B-00C04F79EFBC}") = "SimplestSample.UWP", "SimplestSample\SimplestSample.UWP\SimplestSample.UWP.csproj", "{DA8CF7C5-DD74-40AC-8280-744DA709C620}"
EndProject
Project("{FAE04EC0-301F-11D3-BF4B-00C04F79EFBC}") = "SimplestSample.iOS", "SimplestSample\SimplestSample.iOS\SimplestSample.iOS.csproj", "{08535B19-A31A-4685-8838-8AC280706DCA}"
EndProject
Global
	GlobalSection(SolutionConfigurationPlatforms) = preSolution
		Ad-Hoc|Any CPU = Ad-Hoc|Any CPU
		Ad-Hoc|ARM = Ad-Hoc|ARM
		Ad-Hoc|iPhone = Ad-Hoc|iPhone
		Ad-Hoc|iPhoneSimulator = Ad-Hoc|iPhoneSimulator
		Ad-Hoc|x64 = Ad-Hoc|x64
		Ad-Hoc|x86 = Ad-Hoc|x86
		AppStore|Any CPU = AppStore|Any CPU
		AppStore|ARM = AppStore|ARM
		AppStore|iPhone = AppStore|iPhone
		AppStore|iPhoneSimulator = AppStore|iPhoneSimulator
		AppStore|x64 = AppStore|x64
		AppStore|x86 = AppStore|x86
		Debug|Any CPU = Debug|Any CPU
		Debug|ARM = Debug|ARM
		Debug|iPhone = Debug|iPhone
		Debug|iPhoneSimulator = Debug|iPhoneSimulator
		Debug|x64 = Debug|x64
		Debug|x86 = Debug|x86
		Release|Any CPU = Release|Any CPU
		Release|ARM = Release|ARM
		Release|iPhone = Release|iPhone
		Release|iPhoneSimulator = Release|iPhoneSimulator
		Release|x64 = Release|x64
		Release|x86 = Release|x86
	EndGlobalSection
	GlobalSection(ProjectConfigurationPlatforms) = postSolution
		{9985B44F-93DE-4662-9AA2-D04705477418}.Ad-Hoc|Any CPU.ActiveCfg = Release|Any CPU
		{9985B44F-93DE-4662-9AA2-D04705477418}.Ad-Hoc|Any CPU.Build.0 = Release|Any CPU
		{9985B44F-93DE-4662-9AA2-D04705477418}.Ad-Hoc|Any CPU.Deploy.0 = Release|Any CPU
		{9985B44F-93DE-4662-9AA2-D04705477418}.Ad-Hoc|ARM.ActiveCfg = Release|Any CPU
		{9985B44F-93DE-4662-9AA2-D04705477418}.Ad-Hoc|ARM.Build.0 = Release|Any CPU
		{9985B44F-93DE-4662-9AA2-D04705477418}.Ad-Hoc|ARM.Deploy.0 = Release|Any CPU
		{9985B44F-93DE-4662-9AA2-D04705477418}.Ad-Hoc|iPhone.ActiveCfg = Release|Any CPU
		{9985B44F-93DE-4662-9AA2-D04705477418}.Ad-Hoc|iPhone.Build.0 = Release|Any CPU
		{9985B44F-93DE-4662-9AA2-D04705477418}.Ad-Hoc|iPhone.Deploy.0 = Release|Any CPU
		{9985B44F-93DE-4662-9AA2-D04705477418}.Ad-Hoc|iPhoneSimulator.ActiveCfg = Release|Any CPU
		{9985B44F-93DE-4662-9AA2-D04705477418}.Ad-Hoc|iPhoneSimulator.Build.0 = Release|Any CPU
		{9985B44F-93DE-4662-9AA2-D04705477418}.Ad-Hoc|iPhoneSimulator.Deploy.0 = Release|Any CPU
		{9985B44F-93DE-4662-9AA2-D04705477418}.Ad-Hoc|x64.ActiveCfg = Release|Any CPU
		{9985B44F-93DE-4662-9AA2-D04705477418}.Ad-Hoc|x64.Build.0 = Release|Any CPU
		{9985B44F-93DE-4662-9AA2-D04705477418}.Ad-Hoc|x64.Deploy.0 = Release|Any CPU
		{9985B44F-93DE-4662-9AA2-D04705477418}.Ad-Hoc|x86.ActiveCfg = Release|Any CPU
		{9985B44F-93DE-4662-9AA2-D04705477418}.Ad-Hoc|x86.Build.0 = Release|Any CPU
		{9985B44F-93DE-4662-9AA2-D04705477418}.Ad-Hoc|x86.Deploy.0 = Release|Any CPU
		{9985B44F-93DE-4662-9AA2-D04705477418}.AppStore|Any CPU.ActiveCfg = Release|Any CPU
		{9985B44F-93DE-4662-9AA2-D04705477418}.AppStore|Any CPU.Build.0 = Release|Any CPU
		{9985B44F-93DE-4662-9AA2-D04705477418}.AppStore|Any CPU.Deploy.0 = Release|Any CPU
		{9985B44F-93DE-4662-9AA2-D04705477418}.AppStore|ARM.ActiveCfg = Release|Any CPU
		{9985B44F-93DE-4662-9AA2-D04705477418}.AppStore|ARM.Build.0 = Release|Any CPU
		{9985B44F-93DE-4662-9AA2-D04705477418}.AppStore|ARM.Deploy.0 = Release|Any CPU
		{9985B44F-93DE-4662-9AA2-D04705477418}.AppStore|iPhone.ActiveCfg = Release|Any CPU
		{9985B44F-93DE-4662-9AA2-D04705477418}.AppStore|iPhone.Build.0 = Release|Any CPU
		{9985B44F-93DE-4662-9AA2-D04705477418}.AppStore|iPhone.Deploy.0 = Release|Any CPU
		{9985B44F-93DE-4662-9AA2-D04705477418}.AppStore|iPhoneSimulator.ActiveCfg = Release|Any CPU
		{9985B44F-93DE-4662-9AA2-D04705477418}.AppStore|iPhoneSimulator.Build.0 = Release|Any CPU
		{9985B44F-93DE-4662-9AA2-D04705477418}.AppStore|iPhoneSimulator.Deploy.0 = Release|Any CPU
		{9985B44F-93DE-4662-9AA2-D04705477418}.AppStore|x64.ActiveCfg = Release|Any CPU
		{9985B44F-93DE-4662-9AA2-D04705477418}.AppStore|x64.Build.0 = Release|Any CPU
		{9985B44F-93DE-4662-9AA2-D04705477418}.AppStore|x64.Deploy.0 = Release|Any CPU
		{9985B44F-93DE-4662-9AA2-D04705477418}.AppStore|x86.ActiveCfg = Release|Any CPU
		{9985B44F-93DE-4662-9AA2-D04705477418}.AppStore|x86.Build.0 = Release|Any CPU
		{9985B44F-93DE-4662-9AA2-D04705477418}.AppStore|x86.Deploy.0 = Release|Any CPU
		{9985B44F-93DE-4662-9AA2-D04705477418}.Debug|Any CPU.ActiveCfg = Debug|Any CPU
		{9985B44F-93DE-4662-9AA2-D04705477418}.Debug|Any CPU.Build.0 = Debug|Any CPU
		{9985B44F-93DE-4662-9AA2-D04705477418}.Debug|Any CPU.Deploy.0 = Debug|Any CPU
		{9985B44F-93DE-4662-9AA2-D04705477418}.Debug|ARM.ActiveCfg = Debug|Any CPU
		{9985B44F-93DE-4662-9AA2-D04705477418}.Debug|ARM.Build.0 = Debug|Any CPU
		{9985B44F-93DE-4662-9AA2-D04705477418}.Debug|ARM.Deploy.0 = Debug|Any CPU
		{9985B44F-93DE-4662-9AA2-D04705477418}.Debug|iPhone.ActiveCfg = Debug|Any CPU
		{9985B44F-93DE-4662-9AA2-D04705477418}.Debug|iPhone.Build.0 = Debug|Any CPU
		{9985B44F-93DE-4662-9AA2-D04705477418}.Debug|iPhone.Deploy.0 = Debug|Any CPU
		{9985B44F-93DE-4662-9AA2-D04705477418}.Debug|iPhoneSimulator.ActiveCfg = Debug|Any CPU
		{9985B44F-93DE-4662-9AA2-D04705477418}.Debug|iPhoneSimulator.Build.0 = Debug|Any CPU
		{9985B44F-93DE-4662-9AA2-D04705477418}.Debug|iPhoneSimulator.Deploy.0 = Debug|Any CPU
		{9985B44F-93DE-4662-9AA2-D04705477418}.Debug|x64.ActiveCfg = Debug|Any CPU
		{9985B44F-93DE-4662-9AA2-D04705477418}.Debug|x64.Build.0 = Debug|Any CPU
		{9985B44F-93DE-4662-9AA2-D04705477418}.Debug|x64.Deploy.0 = Debug|Any CPU
		{9985B44F-93DE-4662-9AA2-D04705477418}.Debug|x86.ActiveCfg = Debug|Any CPU
		{9985B44F-93DE-4662-9AA2-D04705477418}.Debug|x86.Build.0 = Debug|Any CPU
		{9985B44F-93DE-4662-9AA2-D04705477418}.Debug|x86.Deploy.0 = Debug|Any CPU
		{9985B44F-93DE-4662-9AA2-D04705477418}.Release|Any CPU.ActiveCfg = Release|Any CPU
		{9985B44F-93DE-4662-9AA2-D04705477418}.Release|Any CPU.Build.0 = Release|Any CPU
		{9985B44F-93DE-4662-9AA2-D04705477418}.Release|Any CPU.Deploy.0 = Release|Any CPU
		{9985B44F-93DE-4662-9AA2-D04705477418}.Release|ARM.ActiveCfg = Release|Any CPU
		{9985B44F-93DE-4662-9AA2-D04705477418}.Release|ARM.Build.0 = Release|Any CPU
		{9985B44F-93DE-4662-9AA2-D04705477418}.Release|ARM.Deploy.0 = Release|Any CPU
		{9985B44F-93DE-4662-9AA2-D04705477418}.Release|iPhone.ActiveCfg = Release|Any CPU
		{9985B44F-93DE-4662-9AA2-D04705477418}.Release|iPhone.Build.0 = Release|Any CPU
		{9985B44F-93DE-4662-9AA2-D04705477418}.Release|iPhone.Deploy.0 = Release|Any CPU
		{9985B44F-93DE-4662-9AA2-D04705477418}.Release|iPhoneSimulator.ActiveCfg = Release|Any CPU
		{9985B44F-93DE-4662-9AA2-D04705477418}.Release|iPhoneSimulator.Build.0 = Release|Any CPU
		{9985B44F-93DE-4662-9AA2-D04705477418}.Release|iPhoneSimulator.Deploy.0 = Release|Any CPU
		{9985B44F-93DE-4662-9AA2-D04705477418}.Release|x64.ActiveCfg = Release|Any CPU
		{9985B44F-93DE-4662-9AA2-D04705477418}.Release|x64.Build.0 = Release|Any CPU
		{9985B44F-93DE-4662-9AA2-D04705477418}.Release|x64.Deploy.0 = Release|Any CPU
		{9985B44F-93DE-4662-9AA2-D04705477418}.Release|x86.ActiveCfg = Release|Any CPU
		{9985B44F-93DE-4662-9AA2-D04705477418}.Release|x86.Build.0 = Release|Any CPU
		{9985B44F-93DE-4662-9AA2-D04705477418}.Release|x86.Deploy.0 = Release|Any CPU
		{085E4871-D3FA-444D-86C2-3281ACFEAAE1}.Ad-Hoc|Any CPU.ActiveCfg = Release|Any CPU
		{085E4871-D3FA-444D-86C2-3281ACFEAAE1}.Ad-Hoc|Any CPU.Build.0 = Release|Any CPU
		{085E4871-D3FA-444D-86C2-3281ACFEAAE1}.Ad-Hoc|ARM.ActiveCfg = Release|Any CPU
		{085E4871-D3FA-444D-86C2-3281ACFEAAE1}.Ad-Hoc|ARM.Build.0 = Release|Any CPU
		{085E4871-D3FA-444D-86C2-3281ACFEAAE1}.Ad-Hoc|iPhone.ActiveCfg = Release|Any CPU
		{085E4871-D3FA-444D-86C2-3281ACFEAAE1}.Ad-Hoc|iPhone.Build.0 = Release|Any CPU
		{085E4871-D3FA-444D-86C2-3281ACFEAAE1}.Ad-Hoc|iPhoneSimulator.ActiveCfg = Release|Any CPU
		{085E4871-D3FA-444D-86C2-3281ACFEAAE1}.Ad-Hoc|iPhoneSimulator.Build.0 = Release|Any CPU
		{085E4871-D3FA-444D-86C2-3281ACFEAAE1}.Ad-Hoc|x64.ActiveCfg = Release|Any CPU
		{085E4871-D3FA-444D-86C2-3281ACFEAAE1}.Ad-Hoc|x64.Build.0 = Release|Any CPU
		{085E4871-D3FA-444D-86C2-3281ACFEAAE1}.Ad-Hoc|x86.ActiveCfg = Release|Any CPU
		{085E4871-D3FA-444D-86C2-3281ACFEAAE1}.Ad-Hoc|x86.Build.0 = Release|Any CPU
		{085E4871-D3FA-444D-86C2-3281ACFEAAE1}.AppStore|Any CPU.ActiveCfg = Release|Any CPU
		{085E4871-D3FA-444D-86C2-3281ACFEAAE1}.AppStore|Any CPU.Build.0 = Release|Any CPU
		{085E4871-D3FA-444D-86C2-3281ACFEAAE1}.AppStore|ARM.ActiveCfg = Release|Any CPU
		{085E4871-D3FA-444D-86C2-3281ACFEAAE1}.AppStore|ARM.Build.0 = Release|Any CPU
		{085E4871-D3FA-444D-86C2-3281ACFEAAE1}.AppStore|iPhone.ActiveCfg = Release|Any CPU
		{085E4871-D3FA-444D-86C2-3281ACFEAAE1}.AppStore|iPhone.Build.0 = Release|Any CPU
		{085E4871-D3FA-444D-86C2-3281ACFEAAE1}.AppStore|iPhoneSimulator.ActiveCfg = Release|Any CPU
		{085E4871-D3FA-444D-86C2-3281ACFEAAE1}.AppStore|iPhoneSimulator.Build.0 = Release|Any CPU
		{085E4871-D3FA-444D-86C2-3281ACFEAAE1}.AppStore|x64.ActiveCfg = Release|Any CPU
		{085E4871-D3FA-444D-86C2-3281ACFEAAE1}.AppStore|x64.Build.0 = Release|Any CPU
		{085E4871-D3FA-444D-86C2-3281ACFEAAE1}.AppStore|x86.ActiveCfg = Release|Any CPU
		{085E4871-D3FA-444D-86C2-3281ACFEAAE1}.AppStore|x86.Build.0 = Release|Any CPU
		{085E4871-D3FA-444D-86C2-3281ACFEAAE1}.Debug|Any CPU.ActiveCfg = Debug|Any CPU
		{085E4871-D3FA-444D-86C2-3281ACFEAAE1}.Debug|Any CPU.Build.0 = Debug|Any CPU
		{085E4871-D3FA-444D-86C2-3281ACFEAAE1}.Debug|ARM.ActiveCfg = Debug|Any CPU
		{085E4871-D3FA-444D-86C2-3281ACFEAAE1}.Debug|ARM.Build.0 = Debug|Any CPU
		{085E4871-D3FA-444D-86C2-3281ACFEAAE1}.Debug|iPhone.ActiveCfg = Debug|Any CPU
		{085E4871-D3FA-444D-86C2-3281ACFEAAE1}.Debug|iPhone.Build.0 = Debug|Any CPU
		{085E4871-D3FA-444D-86C2-3281ACFEAAE1}.Debug|iPhoneSimulator.ActiveCfg = Debug|Any CPU
		{085E4871-D3FA-444D-86C2-3281ACFEAAE1}.Debug|iPhoneSimulator.Build.0 = Debug|Any CPU
		{085E4871-D3FA-444D-86C2-3281ACFEAAE1}.Debug|x64.ActiveCfg = Debug|Any CPU
		{085E4871-D3FA-444D-86C2-3281ACFEAAE1}.Debug|x64.Build.0 = Debug|Any CPU
		{085E4871-D3FA-444D-86C2-3281ACFEAAE1}.Debug|x86.ActiveCfg = Debug|Any CPU
		{085E4871-D3FA-444D-86C2-3281ACFEAAE1}.Debug|x86.Build.0 = Debug|Any CPU
		{085E4871-D3FA-444D-86C2-3281ACFEAAE1}.Release|Any CPU.ActiveCfg = Release|Any CPU
		{085E4871-D3FA-444D-86C2-3281ACFEAAE1}.Release|Any CPU.Build.0 = Release|Any CPU
		{085E4871-D3FA-444D-86C2-3281ACFEAAE1}.Release|ARM.ActiveCfg = Release|Any CPU
		{085E4871-D3FA-444D-86C2-3281ACFEAAE1}.Release|ARM.Build.0 = Release|Any CPU
		{085E4871-D3FA-444D-86C2-3281ACFEAAE1}.Release|iPhone.ActiveCfg = Release|Any CPU
		{085E4871-D3FA-444D-86C2-3281ACFEAAE1}.Release|iPhone.Build.0 = Release|Any CPU
		{085E4871-D3FA-444D-86C2-3281ACFEAAE1}.Release|iPhoneSimulator.ActiveCfg = Release|Any CPU
		{085E4871-D3FA-444D-86C2-3281ACFEAAE1}.Release|iPhoneSimulator.Build.0 = Release|Any CPU
		{085E4871-D3FA-444D-86C2-3281ACFEAAE1}.Release|x64.ActiveCfg = Release|Any CPU
		{085E4871-D3FA-444D-86C2-3281ACFEAAE1}.Release|x64.Build.0 = Release|Any CPU
		{085E4871-D3FA-444D-86C2-3281ACFEAAE1}.Release|x86.ActiveCfg = Release|Any CPU
		{085E4871-D3FA-444D-86C2-3281ACFEAAE1}.Release|x86.Build.0 = Release|Any CPU
		{DA8CF7C5-DD74-40AC-8280-744DA709C620}.Ad-Hoc|Any CPU.ActiveCfg = Release|x86
		{DA8CF7C5-DD74-40AC-8280-744DA709C620}.Ad-Hoc|Any CPU.Build.0 = Release|x86
		{DA8CF7C5-DD74-40AC-8280-744DA709C620}.Ad-Hoc|Any CPU.Deploy.0 = Release|x86
		{DA8CF7C5-DD74-40AC-8280-744DA709C620}.Ad-Hoc|ARM.ActiveCfg = Release|ARM
		{DA8CF7C5-DD74-40AC-8280-744DA709C620}.Ad-Hoc|ARM.Build.0 = Release|ARM
		{DA8CF7C5-DD74-40AC-8280-744DA709C620}.Ad-Hoc|ARM.Deploy.0 = Release|ARM
		{DA8CF7C5-DD74-40AC-8280-744DA709C620}.Ad-Hoc|iPhone.ActiveCfg = Release|x86
		{DA8CF7C5-DD74-40AC-8280-744DA709C620}.Ad-Hoc|iPhone.Build.0 = Release|x86
		{DA8CF7C5-DD74-40AC-8280-744DA709C620}.Ad-Hoc|iPhone.Deploy.0 = Release|x86
		{DA8CF7C5-DD74-40AC-8280-744DA709C620}.Ad-Hoc|iPhoneSimulator.ActiveCfg = Release|x86
		{DA8CF7C5-DD74-40AC-8280-744DA709C620}.Ad-Hoc|iPhoneSimulator.Build.0 = Release|x86
		{DA8CF7C5-DD74-40AC-8280-744DA709C620}.Ad-Hoc|iPhoneSimulator.Deploy.0 = Release|x86
		{DA8CF7C5-DD74-40AC-8280-744DA709C620}.Ad-Hoc|x64.ActiveCfg = Release|x64
		{DA8CF7C5-DD74-40AC-8280-744DA709C620}.Ad-Hoc|x64.Build.0 = Release|x64
		{DA8CF7C5-DD74-40AC-8280-744DA709C620}.Ad-Hoc|x64.Deploy.0 = Release|x64
		{DA8CF7C5-DD74-40AC-8280-744DA709C620}.Ad-Hoc|x86.ActiveCfg = Release|x86
		{DA8CF7C5-DD74-40AC-8280-744DA709C620}.Ad-Hoc|x86.Build.0 = Release|x86
		{DA8CF7C5-DD74-40AC-8280-744DA709C620}.Ad-Hoc|x86.Deploy.0 = Release|x86
		{DA8CF7C5-DD74-40AC-8280-744DA709C620}.AppStore|Any CPU.ActiveCfg = Release|x86
		{DA8CF7C5-DD74-40AC-8280-744DA709C620}.AppStore|Any CPU.Build.0 = Release|x86
		{DA8CF7C5-DD74-40AC-8280-744DA709C620}.AppStore|Any CPU.Deploy.0 = Release|x86
		{DA8CF7C5-DD74-40AC-8280-744DA709C620}.AppStore|ARM.ActiveCfg = Release|ARM
		{DA8CF7C5-DD74-40AC-8280-744DA709C620}.AppStore|ARM.Build.0 = Release|ARM
		{DA8CF7C5-DD74-40AC-8280-744DA709C620}.AppStore|ARM.Deploy.0 = Release|ARM
		{DA8CF7C5-DD74-40AC-8280-744DA709C620}.AppStore|iPhone.ActiveCfg = Release|x86
		{DA8CF7C5-DD74-40AC-8280-744DA709C620}.AppStore|iPhone.Build.0 = Release|x86
		{DA8CF7C5-DD74-40AC-8280-744DA709C620}.AppStore|iPhone.Deploy.0 = Release|x86
		{DA8CF7C5-DD74-40AC-8280-744DA709C620}.AppStore|iPhoneSimulator.ActiveCfg = Release|x86
		{DA8CF7C5-DD74-40AC-8280-744DA709C620}.AppStore|iPhoneSimulator.Build.0 = Release|x86
		{DA8CF7C5-DD74-40AC-8280-744DA709C620}.AppStore|iPhoneSimulator.Deploy.0 = Release|x86
		{DA8CF7C5-DD74-40AC-8280-744DA709C620}.AppStore|x64.ActiveCfg = Release|x64
		{DA8CF7C5-DD74-40AC-8280-744DA709C620}.AppStore|x64.Build.0 = Release|x64
		{DA8CF7C5-DD74-40AC-8280-744DA709C620}.AppStore|x64.Deploy.0 = Release|x64
		{DA8CF7C5-DD74-40AC-8280-744DA709C620}.AppStore|x86.ActiveCfg = Release|x86
		{DA8CF7C5-DD74-40AC-8280-744DA709C620}.AppStore|x86.Build.0 = Release|x86
		{DA8CF7C5-DD74-40AC-8280-744DA709C620}.AppStore|x86.Deploy.0 = Release|x86
		{DA8CF7C5-DD74-40AC-8280-744DA709C620}.Debug|Any CPU.ActiveCfg = Debug|x86
		{DA8CF7C5-DD74-40AC-8280-744DA709C620}.Debug|ARM.ActiveCfg = Debug|ARM
		{DA8CF7C5-DD74-40AC-8280-744DA709C620}.Debug|ARM.Build.0 = Debug|ARM
		{DA8CF7C5-DD74-40AC-8280-744DA709C620}.Debug|ARM.Deploy.0 = Debug|ARM
		{DA8CF7C5-DD74-40AC-8280-744DA709C620}.Debug|iPhone.ActiveCfg = Debug|x86
		{DA8CF7C5-DD74-40AC-8280-744DA709C620}.Debug|iPhoneSimulator.ActiveCfg = Debug|x86
		{DA8CF7C5-DD74-40AC-8280-744DA709C620}.Debug|x64.ActiveCfg = Debug|x64
		{DA8CF7C5-DD74-40AC-8280-744DA709C620}.Debug|x64.Build.0 = Debug|x64
		{DA8CF7C5-DD74-40AC-8280-744DA709C620}.Debug|x64.Deploy.0 = Debug|x64
		{DA8CF7C5-DD74-40AC-8280-744DA709C620}.Debug|x86.ActiveCfg = Debug|x86
		{DA8CF7C5-DD74-40AC-8280-744DA709C620}.Debug|x86.Build.0 = Debug|x86
		{DA8CF7C5-DD74-40AC-8280-744DA709C620}.Debug|x86.Deploy.0 = Debug|x86
		{DA8CF7C5-DD74-40AC-8280-744DA709C620}.Release|Any CPU.ActiveCfg = Release|x86
		{DA8CF7C5-DD74-40AC-8280-744DA709C620}.Release|ARM.ActiveCfg = Release|ARM
		{DA8CF7C5-DD74-40AC-8280-744DA709C620}.Release|ARM.Build.0 = Release|ARM
		{DA8CF7C5-DD74-40AC-8280-744DA709C620}.Release|ARM.Deploy.0 = Release|ARM
		{DA8CF7C5-DD74-40AC-8280-744DA709C620}.Release|iPhone.ActiveCfg = Release|x86
		{DA8CF7C5-DD74-40AC-8280-744DA709C620}.Release|iPhoneSimulator.ActiveCfg = Release|x86
		{DA8CF7C5-DD74-40AC-8280-744DA709C620}.Release|x64.ActiveCfg = Release|x64
		{DA8CF7C5-DD74-40AC-8280-744DA709C620}.Release|x64.Build.0 = Release|x64
		{DA8CF7C5-DD74-40AC-8280-744DA709C620}.Release|x64.Deploy.0 = Release|x64
		{DA8CF7C5-DD74-40AC-8280-744DA709C620}.Release|x86.ActiveCfg = Release|x86
		{DA8CF7C5-DD74-40AC-8280-744DA709C620}.Release|x86.Build.0 = Release|x86
		{DA8CF7C5-DD74-40AC-8280-744DA709C620}.Release|x86.Deploy.0 = Release|x86
		{08535B19-A31A-4685-8838-8AC280706DCA}.Ad-Hoc|Any CPU.ActiveCfg = Ad-Hoc|iPhone
		{08535B19-A31A-4685-8838-8AC280706DCA}.Ad-Hoc|ARM.ActiveCfg = Ad-Hoc|iPhone
		{08535B19-A31A-4685-8838-8AC280706DCA}.Ad-Hoc|iPhone.ActiveCfg = Ad-Hoc|iPhone
		{08535B19-A31A-4685-8838-8AC280706DCA}.Ad-Hoc|iPhone.Build.0 = Ad-Hoc|iPhone
		{08535B19-A31A-4685-8838-8AC280706DCA}.Ad-Hoc|iPhoneSimulator.ActiveCfg = Ad-Hoc|iPhoneSimulator
		{08535B19-A31A-4685-8838-8AC280706DCA}.Ad-Hoc|iPhoneSimulator.Build.0 = Ad-Hoc|iPhoneSimulator
		{08535B19-A31A-4685-8838-8AC280706DCA}.Ad-Hoc|x64.ActiveCfg = Ad-Hoc|iPhone
		{08535B19-A31A-4685-8838-8AC280706DCA}.Ad-Hoc|x86.ActiveCfg = Ad-Hoc|iPhone
		{08535B19-A31A-4685-8838-8AC280706DCA}.AppStore|Any CPU.ActiveCfg = AppStore|iPhone
		{08535B19-A31A-4685-8838-8AC280706DCA}.AppStore|ARM.ActiveCfg = AppStore|iPhone
		{08535B19-A31A-4685-8838-8AC280706DCA}.AppStore|iPhone.ActiveCfg = AppStore|iPhone
		{08535B19-A31A-4685-8838-8AC280706DCA}.AppStore|iPhone.Build.0 = AppStore|iPhone
		{08535B19-A31A-4685-8838-8AC280706DCA}.AppStore|iPhoneSimulator.ActiveCfg = AppStore|iPhoneSimulator
		{08535B19-A31A-4685-8838-8AC280706DCA}.AppStore|iPhoneSimulator.Build.0 = AppStore|iPhoneSimulator
		{08535B19-A31A-4685-8838-8AC280706DCA}.AppStore|x64.ActiveCfg = AppStore|iPhone
		{08535B19-A31A-4685-8838-8AC280706DCA}.AppStore|x86.ActiveCfg = AppStore|iPhone
		{08535B19-A31A-4685-8838-8AC280706DCA}.Debug|Any CPU.ActiveCfg = Debug|iPhone
		{08535B19-A31A-4685-8838-8AC280706DCA}.Debug|ARM.ActiveCfg = Debug|iPhone
		{08535B19-A31A-4685-8838-8AC280706DCA}.Debug|iPhone.ActiveCfg = Debug|iPhone
		{08535B19-A31A-4685-8838-8AC280706DCA}.Debug|iPhone.Build.0 = Debug|iPhone
		{08535B19-A31A-4685-8838-8AC280706DCA}.Debug|iPhoneSimulator.ActiveCfg = Debug|iPhoneSimulator
		{08535B19-A31A-4685-8838-8AC280706DCA}.Debug|iPhoneSimulator.Build.0 = Debug|iPhoneSimulator
		{08535B19-A31A-4685-8838-8AC280706DCA}.Debug|x64.ActiveCfg = Debug|iPhone
		{08535B19-A31A-4685-8838-8AC280706DCA}.Debug|x86.ActiveCfg = Debug|iPhone
		{08535B19-A31A-4685-8838-8AC280706DCA}.Release|Any CPU.ActiveCfg = Release|iPhone
		{08535B19-A31A-4685-8838-8AC280706DCA}.Release|ARM.ActiveCfg = Release|iPhone
		{08535B19-A31A-4685-8838-8AC280706DCA}.Release|iPhone.ActiveCfg = Release|iPhone
		{08535B19-A31A-4685-8838-8AC280706DCA}.Release|iPhone.Build.0 = Release|iPhone
		{08535B19-A31A-4685-8838-8AC280706DCA}.Release|iPhoneSimulator.ActiveCfg = Release|iPhoneSimulator
		{08535B19-A31A-4685-8838-8AC280706DCA}.Release|iPhoneSimulator.Build.0 = Release|iPhoneSimulator
		{08535B19-A31A-4685-8838-8AC280706DCA}.Release|x64.ActiveCfg = Release|iPhone
		{08535B19-A31A-4685-8838-8AC280706DCA}.Release|x86.ActiveCfg = Release|iPhone
	EndGlobalSection
	GlobalSection(SolutionProperties) = preSolution
		HideSolutionNode = FALSE
	EndGlobalSection
EndGlobal
