
Microsoft Visual Studio Solution File, Format Version 12.00
# Visual Studio 15
VisualStudioVersion = 15.0.26430.15
MinimumVisualStudioVersion = 10.0.40219.1
Project("{FAE04EC0-301F-11D3-BF4B-00C04F79EFBC}") = "SpecialMasterDetailPage.Android", "SpecialMasterDetailPage\SpecialMasterDetailPage.Android\SpecialMasterDetailPage.Android.csproj", "{E35C2942-2F67-471A-B185-C0EB703AC5A0}"
EndProject
Project("{FAE04EC0-301F-11D3-BF4B-00C04F79EFBC}") = "SpecialMasterDetailPage", "SpecialMasterDetailPage\SpecialMasterDetailPage\SpecialMasterDetailPage.csproj", "{53066BF6-190D-4A50-8CCA-CF81FCF86EF8}"
EndProject
Project("{FAE04EC0-301F-11D3-BF4B-00C04F79EFBC}") = "SpecialMasterDetailPage.UWP", "SpecialMasterDetailPage\SpecialMasterDetailPage.UWP\SpecialMasterDetailPage.UWP.csproj", "{D45EC30E-C92B-4846-B909-024B1E6D7041}"
EndProject
Project("{FAE04EC0-301F-11D3-BF4B-00C04F79EFBC}") = "SpecialMasterDetailPage.iOS", "SpecialMasterDetailPage\SpecialMasterDetailPage.iOS\SpecialMasterDetailPage.iOS.csproj", "{A5120091-4B0A-4419-A7EB-9584692F2152}"
EndProject
Global
	GlobalSection(SolutionConfigurationPlatforms) = preSolution
		Ad-Hoc|Any CPU = Ad-Hoc|Any CPU
		Ad-Hoc|ARM = Ad-Hoc|ARM
		Ad-Hoc|iPhone = Ad-Hoc|iPhone
		Ad-Hoc|iPhoneSimulator = Ad-Hoc|iPhoneSimulator
		Ad-Hoc|x64 = Ad-Hoc|x64
		Ad-Hoc|x86 = Ad-Hoc|x86
		AppStore|Any CPU = AppStore|Any CPU
		AppStore|ARM = AppStore|ARM
		AppStore|iPhone = AppStore|iPhone
		AppStore|iPhoneSimulator = AppStore|iPhoneSimulator
		AppStore|x64 = AppStore|x64
		AppStore|x86 = AppStore|x86
		Debug|Any CPU = Debug|Any CPU
		Debug|ARM = Debug|ARM
		Debug|iPhone = Debug|iPhone
		Debug|iPhoneSimulator = Debug|iPhoneSimulator
		Debug|x64 = Debug|x64
		Debug|x86 = Debug|x86
		Release|Any CPU = Release|Any CPU
		Release|ARM = Release|ARM
		Release|iPhone = Release|iPhone
		Release|iPhoneSimulator = Release|iPhoneSimulator
		Release|x64 = Release|x64
		Release|x86 = Release|x86
	EndGlobalSection
	GlobalSection(ProjectConfigurationPlatforms) = postSolution
		{E35C2942-2F67-471A-B185-C0EB703AC5A0}.Ad-Hoc|Any CPU.ActiveCfg = Release|Any CPU
		{E35C2942-2F67-471A-B185-C0EB703AC5A0}.Ad-Hoc|Any CPU.Build.0 = Release|Any CPU
		{E35C2942-2F67-471A-B185-C0EB703AC5A0}.Ad-Hoc|Any CPU.Deploy.0 = Release|Any CPU
		{E35C2942-2F67-471A-B185-C0EB703AC5A0}.Ad-Hoc|ARM.ActiveCfg = Release|Any CPU
		{E35C2942-2F67-471A-B185-C0EB703AC5A0}.Ad-Hoc|ARM.Build.0 = Release|Any CPU
		{E35C2942-2F67-471A-B185-C0EB703AC5A0}.Ad-Hoc|ARM.Deploy.0 = Release|Any CPU
		{E35C2942-2F67-471A-B185-C0EB703AC5A0}.Ad-Hoc|iPhone.ActiveCfg = Release|Any CPU
		{E35C2942-2F67-471A-B185-C0EB703AC5A0}.Ad-Hoc|iPhone.Build.0 = Release|Any CPU
		{E35C2942-2F67-471A-B185-C0EB703AC5A0}.Ad-Hoc|iPhone.Deploy.0 = Release|Any CPU
		{E35C2942-2F67-471A-B185-C0EB703AC5A0}.Ad-Hoc|iPhoneSimulator.ActiveCfg = Release|Any CPU
		{E35C2942-2F67-471A-B185-C0EB703AC5A0}.Ad-Hoc|iPhoneSimulator.Build.0 = Release|Any CPU
		{E35C2942-2F67-471A-B185-C0EB703AC5A0}.Ad-Hoc|iPhoneSimulator.Deploy.0 = Release|Any CPU
		{E35C2942-2F67-471A-B185-C0EB703AC5A0}.Ad-Hoc|x64.ActiveCfg = Release|Any CPU
		{E35C2942-2F67-471A-B185-C0EB703AC5A0}.Ad-Hoc|x64.Build.0 = Release|Any CPU
		{E35C2942-2F67-471A-B185-C0EB703AC5A0}.Ad-Hoc|x64.Deploy.0 = Release|Any CPU
		{E35C2942-2F67-471A-B185-C0EB703AC5A0}.Ad-Hoc|x86.ActiveCfg = Release|Any CPU
		{E35C2942-2F67-471A-B185-C0EB703AC5A0}.Ad-Hoc|x86.Build.0 = Release|Any CPU
		{E35C2942-2F67-471A-B185-C0EB703AC5A0}.Ad-Hoc|x86.Deploy.0 = Release|Any CPU
		{E35C2942-2F67-471A-B185-C0EB703AC5A0}.AppStore|Any CPU.ActiveCfg = Release|Any CPU
		{E35C2942-2F67-471A-B185-C0EB703AC5A0}.AppStore|Any CPU.Build.0 = Release|Any CPU
		{E35C2942-2F67-471A-B185-C0EB703AC5A0}.AppStore|Any CPU.Deploy.0 = Release|Any CPU
		{E35C2942-2F67-471A-B185-C0EB703AC5A0}.AppStore|ARM.ActiveCfg = Release|Any CPU
		{E35C2942-2F67-471A-B185-C0EB703AC5A0}.AppStore|ARM.Build.0 = Release|Any CPU
		{E35C2942-2F67-471A-B185-C0EB703AC5A0}.AppStore|ARM.Deploy.0 = Release|Any CPU
		{E35C2942-2F67-471A-B185-C0EB703AC5A0}.AppStore|iPhone.ActiveCfg = Release|Any CPU
		{E35C2942-2F67-471A-B185-C0EB703AC5A0}.AppStore|iPhone.Build.0 = Release|Any CPU
		{E35C2942-2F67-471A-B185-C0EB703AC5A0}.AppStore|iPhone.Deploy.0 = Release|Any CPU
		{E35C2942-2F67-471A-B185-C0EB703AC5A0}.AppStore|iPhoneSimulator.ActiveCfg = Release|Any CPU
		{E35C2942-2F67-471A-B185-C0EB703AC5A0}.AppStore|iPhoneSimulator.Build.0 = Release|Any CPU
		{E35C2942-2F67-471A-B185-C0EB703AC5A0}.AppStore|iPhoneSimulator.Deploy.0 = Release|Any CPU
		{E35C2942-2F67-471A-B185-C0EB703AC5A0}.AppStore|x64.ActiveCfg = Release|Any CPU
		{E35C2942-2F67-471A-B185-C0EB703AC5A0}.AppStore|x64.Build.0 = Release|Any CPU
		{E35C2942-2F67-471A-B185-C0EB703AC5A0}.AppStore|x64.Deploy.0 = Release|Any CPU
		{E35C2942-2F67-471A-B185-C0EB703AC5A0}.AppStore|x86.ActiveCfg = Release|Any CPU
		{E35C2942-2F67-471A-B185-C0EB703AC5A0}.AppStore|x86.Build.0 = Release|Any CPU
		{E35C2942-2F67-471A-B185-C0EB703AC5A0}.AppStore|x86.Deploy.0 = Release|Any CPU
		{E35C2942-2F67-471A-B185-C0EB703AC5A0}.Debug|Any CPU.ActiveCfg = Debug|Any CPU
		{E35C2942-2F67-471A-B185-C0EB703AC5A0}.Debug|Any CPU.Build.0 = Debug|Any CPU
		{E35C2942-2F67-471A-B185-C0EB703AC5A0}.Debug|Any CPU.Deploy.0 = Debug|Any CPU
		{E35C2942-2F67-471A-B185-C0EB703AC5A0}.Debug|ARM.ActiveCfg = Debug|Any CPU
		{E35C2942-2F67-471A-B185-C0EB703AC5A0}.Debug|ARM.Build.0 = Debug|Any CPU
		{E35C2942-2F67-471A-B185-C0EB703AC5A0}.Debug|ARM.Deploy.0 = Debug|Any CPU
		{E35C2942-2F67-471A-B185-C0EB703AC5A0}.Debug|iPhone.ActiveCfg = Debug|Any CPU
		{E35C2942-2F67-471A-B185-C0EB703AC5A0}.Debug|iPhone.Build.0 = Debug|Any CPU
		{E35C2942-2F67-471A-B185-C0EB703AC5A0}.Debug|iPhone.Deploy.0 = Debug|Any CPU
		{E35C2942-2F67-471A-B185-C0EB703AC5A0}.Debug|iPhoneSimulator.ActiveCfg = Debug|Any CPU
		{E35C2942-2F67-471A-B185-C0EB703AC5A0}.Debug|iPhoneSimulator.Build.0 = Debug|Any CPU
		{E35C2942-2F67-471A-B185-C0EB703AC5A0}.Debug|iPhoneSimulator.Deploy.0 = Debug|Any CPU
		{E35C2942-2F67-471A-B185-C0EB703AC5A0}.Debug|x64.ActiveCfg = Debug|Any CPU
		{E35C2942-2F67-471A-B185-C0EB703AC5A0}.Debug|x64.Build.0 = Debug|Any CPU
		{E35C2942-2F67-471A-B185-C0EB703AC5A0}.Debug|x64.Deploy.0 = Debug|Any CPU
		{E35C2942-2F67-471A-B185-C0EB703AC5A0}.Debug|x86.ActiveCfg = Debug|Any CPU
		{E35C2942-2F67-471A-B185-C0EB703AC5A0}.Debug|x86.Build.0 = Debug|Any CPU
		{E35C2942-2F67-471A-B185-C0EB703AC5A0}.Debug|x86.Deploy.0 = Debug|Any CPU
		{E35C2942-2F67-471A-B185-C0EB703AC5A0}.Release|Any CPU.ActiveCfg = Release|Any CPU
		{E35C2942-2F67-471A-B185-C0EB703AC5A0}.Release|Any CPU.Build.0 = Release|Any CPU
		{E35C2942-2F67-471A-B185-C0EB703AC5A0}.Release|Any CPU.Deploy.0 = Release|Any CPU
		{E35C2942-2F67-471A-B185-C0EB703AC5A0}.Release|ARM.ActiveCfg = Release|Any CPU
		{E35C2942-2F67-471A-B185-C0EB703AC5A0}.Release|ARM.Build.0 = Release|Any CPU
		{E35C2942-2F67-471A-B185-C0EB703AC5A0}.Release|ARM.Deploy.0 = Release|Any CPU
		{E35C2942-2F67-471A-B185-C0EB703AC5A0}.Release|iPhone.ActiveCfg = Release|Any CPU
		{E35C2942-2F67-471A-B185-C0EB703AC5A0}.Release|iPhone.Build.0 = Release|Any CPU
		{E35C2942-2F67-471A-B185-C0EB703AC5A0}.Release|iPhone.Deploy.0 = Release|Any CPU
		{E35C2942-2F67-471A-B185-C0EB703AC5A0}.Release|iPhoneSimulator.ActiveCfg = Release|Any CPU
		{E35C2942-2F67-471A-B185-C0EB703AC5A0}.Release|iPhoneSimulator.Build.0 = Release|Any CPU
		{E35C2942-2F67-471A-B185-C0EB703AC5A0}.Release|iPhoneSimulator.Deploy.0 = Release|Any CPU
		{E35C2942-2F67-471A-B185-C0EB703AC5A0}.Release|x64.ActiveCfg = Release|Any CPU
		{E35C2942-2F67-471A-B185-C0EB703AC5A0}.Release|x64.Build.0 = Release|Any CPU
		{E35C2942-2F67-471A-B185-C0EB703AC5A0}.Release|x64.Deploy.0 = Release|Any CPU
		{E35C2942-2F67-471A-B185-C0EB703AC5A0}.Release|x86.ActiveCfg = Release|Any CPU
		{E35C2942-2F67-471A-B185-C0EB703AC5A0}.Release|x86.Build.0 = Release|Any CPU
		{E35C2942-2F67-471A-B185-C0EB703AC5A0}.Release|x86.Deploy.0 = Release|Any CPU
		{53066BF6-190D-4A50-8CCA-CF81FCF86EF8}.Ad-Hoc|Any CPU.ActiveCfg = Release|Any CPU
		{53066BF6-190D-4A50-8CCA-CF81FCF86EF8}.Ad-Hoc|Any CPU.Build.0 = Release|Any CPU
		{53066BF6-190D-4A50-8CCA-CF81FCF86EF8}.Ad-Hoc|ARM.ActiveCfg = Release|Any CPU
		{53066BF6-190D-4A50-8CCA-CF81FCF86EF8}.Ad-Hoc|ARM.Build.0 = Release|Any CPU
		{53066BF6-190D-4A50-8CCA-CF81FCF86EF8}.Ad-Hoc|iPhone.ActiveCfg = Release|Any CPU
		{53066BF6-190D-4A50-8CCA-CF81FCF86EF8}.Ad-Hoc|iPhone.Build.0 = Release|Any CPU
		{53066BF6-190D-4A50-8CCA-CF81FCF86EF8}.Ad-Hoc|iPhoneSimulator.ActiveCfg = Release|Any CPU
		{53066BF6-190D-4A50-8CCA-CF81FCF86EF8}.Ad-Hoc|iPhoneSimulator.Build.0 = Release|Any CPU
		{53066BF6-190D-4A50-8CCA-CF81FCF86EF8}.Ad-Hoc|x64.ActiveCfg = Release|Any CPU
		{53066BF6-190D-4A50-8CCA-CF81FCF86EF8}.Ad-Hoc|x64.Build.0 = Release|Any CPU
		{53066BF6-190D-4A50-8CCA-CF81FCF86EF8}.Ad-Hoc|x86.ActiveCfg = Release|Any CPU
		{53066BF6-190D-4A50-8CCA-CF81FCF86EF8}.Ad-Hoc|x86.Build.0 = Release|Any CPU
		{53066BF6-190D-4A50-8CCA-CF81FCF86EF8}.AppStore|Any CPU.ActiveCfg = Release|Any CPU
		{53066BF6-190D-4A50-8CCA-CF81FCF86EF8}.AppStore|Any CPU.Build.0 = Release|Any CPU
		{53066BF6-190D-4A50-8CCA-CF81FCF86EF8}.AppStore|ARM.ActiveCfg = Release|Any CPU
		{53066BF6-190D-4A50-8CCA-CF81FCF86EF8}.AppStore|ARM.Build.0 = Release|Any CPU
		{53066BF6-190D-4A50-8CCA-CF81FCF86EF8}.AppStore|iPhone.ActiveCfg = Release|Any CPU
		{53066BF6-190D-4A50-8CCA-CF81FCF86EF8}.AppStore|iPhone.Build.0 = Release|Any CPU
		{53066BF6-190D-4A50-8CCA-CF81FCF86EF8}.AppStore|iPhoneSimulator.ActiveCfg = Release|Any CPU
		{53066BF6-190D-4A50-8CCA-CF81FCF86EF8}.AppStore|iPhoneSimulator.Build.0 = Release|Any CPU
		{53066BF6-190D-4A50-8CCA-CF81FCF86EF8}.AppStore|x64.ActiveCfg = Release|Any CPU
		{53066BF6-190D-4A50-8CCA-CF81FCF86EF8}.AppStore|x64.Build.0 = Release|Any CPU
		{53066BF6-190D-4A50-8CCA-CF81FCF86EF8}.AppStore|x86.ActiveCfg = Release|Any CPU
		{53066BF6-190D-4A50-8CCA-CF81FCF86EF8}.AppStore|x86.Build.0 = Release|Any CPU
		{53066BF6-190D-4A50-8CCA-CF81FCF86EF8}.Debug|Any CPU.ActiveCfg = Debug|Any CPU
		{53066BF6-190D-4A50-8CCA-CF81FCF86EF8}.Debug|Any CPU.Build.0 = Debug|Any CPU
		{53066BF6-190D-4A50-8CCA-CF81FCF86EF8}.Debug|ARM.ActiveCfg = Debug|Any CPU
		{53066BF6-190D-4A50-8CCA-CF81FCF86EF8}.Debug|ARM.Build.0 = Debug|Any CPU
		{53066BF6-190D-4A50-8CCA-CF81FCF86EF8}.Debug|iPhone.ActiveCfg = Debug|Any CPU
		{53066BF6-190D-4A50-8CCA-CF81FCF86EF8}.Debug|iPhone.Build.0 = Debug|Any CPU
		{53066BF6-190D-4A50-8CCA-CF81FCF86EF8}.Debug|iPhoneSimulator.ActiveCfg = Debug|Any CPU
		{53066BF6-190D-4A50-8CCA-CF81FCF86EF8}.Debug|iPhoneSimulator.Build.0 = Debug|Any CPU
		{53066BF6-190D-4A50-8CCA-CF81FCF86EF8}.Debug|x64.ActiveCfg = Debug|Any CPU
		{53066BF6-190D-4A50-8CCA-CF81FCF86EF8}.Debug|x64.Build.0 = Debug|Any CPU
		{53066BF6-190D-4A50-8CCA-CF81FCF86EF8}.Debug|x86.ActiveCfg = Debug|Any CPU
		{53066BF6-190D-4A50-8CCA-CF81FCF86EF8}.Debug|x86.Build.0 = Debug|Any CPU
		{53066BF6-190D-4A50-8CCA-CF81FCF86EF8}.Release|Any CPU.ActiveCfg = Release|Any CPU
		{53066BF6-190D-4A50-8CCA-CF81FCF86EF8}.Release|Any CPU.Build.0 = Release|Any CPU
		{53066BF6-190D-4A50-8CCA-CF81FCF86EF8}.Release|ARM.ActiveCfg = Release|Any CPU
		{53066BF6-190D-4A50-8CCA-CF81FCF86EF8}.Release|ARM.Build.0 = Release|Any CPU
		{53066BF6-190D-4A50-8CCA-CF81FCF86EF8}.Release|iPhone.ActiveCfg = Release|Any CPU
		{53066BF6-190D-4A50-8CCA-CF81FCF86EF8}.Release|iPhone.Build.0 = Release|Any CPU
		{53066BF6-190D-4A50-8CCA-CF81FCF86EF8}.Release|iPhoneSimulator.ActiveCfg = Release|Any CPU
		{53066BF6-190D-4A50-8CCA-CF81FCF86EF8}.Release|iPhoneSimulator.Build.0 = Release|Any CPU
		{53066BF6-190D-4A50-8CCA-CF81FCF86EF8}.Release|x64.ActiveCfg = Release|Any CPU
		{53066BF6-190D-4A50-8CCA-CF81FCF86EF8}.Release|x64.Build.0 = Release|Any CPU
		{53066BF6-190D-4A50-8CCA-CF81FCF86EF8}.Release|x86.ActiveCfg = Release|Any CPU
		{53066BF6-190D-4A50-8CCA-CF81FCF86EF8}.Release|x86.Build.0 = Release|Any CPU
		{D45EC30E-C92B-4846-B909-024B1E6D7041}.Ad-Hoc|Any CPU.ActiveCfg = Release|x86
		{D45EC30E-C92B-4846-B909-024B1E6D7041}.Ad-Hoc|Any CPU.Build.0 = Release|x86
		{D45EC30E-C92B-4846-B909-024B1E6D7041}.Ad-Hoc|Any CPU.Deploy.0 = Release|x86
		{D45EC30E-C92B-4846-B909-024B1E6D7041}.Ad-Hoc|ARM.ActiveCfg = Release|ARM
		{D45EC30E-C92B-4846-B909-024B1E6D7041}.Ad-Hoc|ARM.Build.0 = Release|ARM
		{D45EC30E-C92B-4846-B909-024B1E6D7041}.Ad-Hoc|ARM.Deploy.0 = Release|ARM
		{D45EC30E-C92B-4846-B909-024B1E6D7041}.Ad-Hoc|iPhone.ActiveCfg = Release|x86
		{D45EC30E-C92B-4846-B909-024B1E6D7041}.Ad-Hoc|iPhone.Build.0 = Release|x86
		{D45EC30E-C92B-4846-B909-024B1E6D7041}.Ad-Hoc|iPhone.Deploy.0 = Release|x86
		{D45EC30E-C92B-4846-B909-024B1E6D7041}.Ad-Hoc|iPhoneSimulator.ActiveCfg = Release|x86
		{D45EC30E-C92B-4846-B909-024B1E6D7041}.Ad-Hoc|iPhoneSimulator.Build.0 = Release|x86
		{D45EC30E-C92B-4846-B909-024B1E6D7041}.Ad-Hoc|iPhoneSimulator.Deploy.0 = Release|x86
		{D45EC30E-C92B-4846-B909-024B1E6D7041}.Ad-Hoc|x64.ActiveCfg = Release|x64
		{D45EC30E-C92B-4846-B909-024B1E6D7041}.Ad-Hoc|x64.Build.0 = Release|x64
		{D45EC30E-C92B-4846-B909-024B1E6D7041}.Ad-Hoc|x64.Deploy.0 = Release|x64
		{D45EC30E-C92B-4846-B909-024B1E6D7041}.Ad-Hoc|x86.ActiveCfg = Release|x86
		{D45EC30E-C92B-4846-B909-024B1E6D7041}.Ad-Hoc|x86.Build.0 = Release|x86
		{D45EC30E-C92B-4846-B909-024B1E6D7041}.Ad-Hoc|x86.Deploy.0 = Release|x86
		{D45EC30E-C92B-4846-B909-024B1E6D7041}.AppStore|Any CPU.ActiveCfg = Release|x86
		{D45EC30E-C92B-4846-B909-024B1E6D7041}.AppStore|Any CPU.Build.0 = Release|x86
		{D45EC30E-C92B-4846-B909-024B1E6D7041}.AppStore|Any CPU.Deploy.0 = Release|x86
		{D45EC30E-C92B-4846-B909-024B1E6D7041}.AppStore|ARM.ActiveCfg = Release|ARM
		{D45EC30E-C92B-4846-B909-024B1E6D7041}.AppStore|ARM.Build.0 = Release|ARM
		{D45EC30E-C92B-4846-B909-024B1E6D7041}.AppStore|ARM.Deploy.0 = Release|ARM
		{D45EC30E-C92B-4846-B909-024B1E6D7041}.AppStore|iPhone.ActiveCfg = Release|x86
		{D45EC30E-C92B-4846-B909-024B1E6D7041}.AppStore|iPhone.Build.0 = Release|x86
		{D45EC30E-C92B-4846-B909-024B1E6D7041}.AppStore|iPhone.Deploy.0 = Release|x86
		{D45EC30E-C92B-4846-B909-024B1E6D7041}.AppStore|iPhoneSimulator.ActiveCfg = Release|x86
		{D45EC30E-C92B-4846-B909-024B1E6D7041}.AppStore|iPhoneSimulator.Build.0 = Release|x86
		{D45EC30E-C92B-4846-B909-024B1E6D7041}.AppStore|iPhoneSimulator.Deploy.0 = Release|x86
		{D45EC30E-C92B-4846-B909-024B1E6D7041}.AppStore|x64.ActiveCfg = Release|x64
		{D45EC30E-C92B-4846-B909-024B1E6D7041}.AppStore|x64.Build.0 = Release|x64
		{D45EC30E-C92B-4846-B909-024B1E6D7041}.AppStore|x64.Deploy.0 = Release|x64
		{D45EC30E-C92B-4846-B909-024B1E6D7041}.AppStore|x86.ActiveCfg = Release|x86
		{D45EC30E-C92B-4846-B909-024B1E6D7041}.AppStore|x86.Build.0 = Release|x86
		{D45EC30E-C92B-4846-B909-024B1E6D7041}.AppStore|x86.Deploy.0 = Release|x86
		{D45EC30E-C92B-4846-B909-024B1E6D7041}.Debug|Any CPU.ActiveCfg = Debug|x86
		{D45EC30E-C92B-4846-B909-024B1E6D7041}.Debug|Any CPU.Build.0 = Debug|x86
		{D45EC30E-C92B-4846-B909-024B1E6D7041}.Debug|Any CPU.Deploy.0 = Debug|x86
		{D45EC30E-C92B-4846-B909-024B1E6D7041}.Debug|ARM.ActiveCfg = Debug|ARM
		{D45EC30E-C92B-4846-B909-024B1E6D7041}.Debug|ARM.Build.0 = Debug|ARM
		{D45EC30E-C92B-4846-B909-024B1E6D7041}.Debug|ARM.Deploy.0 = Debug|ARM
		{D45EC30E-C92B-4846-B909-024B1E6D7041}.Debug|iPhone.ActiveCfg = Debug|x86
		{D45EC30E-C92B-4846-B909-024B1E6D7041}.Debug|iPhoneSimulator.ActiveCfg = Debug|x86
		{D45EC30E-C92B-4846-B909-024B1E6D7041}.Debug|x64.ActiveCfg = Debug|x64
		{D45EC30E-C92B-4846-B909-024B1E6D7041}.Debug|x64.Build.0 = Debug|x64
		{D45EC30E-C92B-4846-B909-024B1E6D7041}.Debug|x64.Deploy.0 = Debug|x64
		{D45EC30E-C92B-4846-B909-024B1E6D7041}.Debug|x86.ActiveCfg = Debug|x86
		{D45EC30E-C92B-4846-B909-024B1E6D7041}.Debug|x86.Build.0 = Debug|x86
		{D45EC30E-C92B-4846-B909-024B1E6D7041}.Debug|x86.Deploy.0 = Debug|x86
		{D45EC30E-C92B-4846-B909-024B1E6D7041}.Release|Any CPU.ActiveCfg = Release|x86
		{D45EC30E-C92B-4846-B909-024B1E6D7041}.Release|ARM.ActiveCfg = Release|ARM
		{D45EC30E-C92B-4846-B909-024B1E6D7041}.Release|ARM.Build.0 = Release|ARM
		{D45EC30E-C92B-4846-B909-024B1E6D7041}.Release|ARM.Deploy.0 = Release|ARM
		{D45EC30E-C92B-4846-B909-024B1E6D7041}.Release|iPhone.ActiveCfg = Release|x86
		{D45EC30E-C92B-4846-B909-024B1E6D7041}.Release|iPhoneSimulator.ActiveCfg = Release|x86
		{D45EC30E-C92B-4846-B909-024B1E6D7041}.Release|x64.ActiveCfg = Release|x64
		{D45EC30E-C92B-4846-B909-024B1E6D7041}.Release|x64.Build.0 = Release|x64
		{D45EC30E-C92B-4846-B909-024B1E6D7041}.Release|x64.Deploy.0 = Release|x64
		{D45EC30E-C92B-4846-B909-024B1E6D7041}.Release|x86.ActiveCfg = Release|x86
		{D45EC30E-C92B-4846-B909-024B1E6D7041}.Release|x86.Build.0 = Release|x86
		{D45EC30E-C92B-4846-B909-024B1E6D7041}.Release|x86.Deploy.0 = Release|x86
		{A5120091-4B0A-4419-A7EB-9584692F2152}.Ad-Hoc|Any CPU.ActiveCfg = Ad-Hoc|iPhone
		{A5120091-4B0A-4419-A7EB-9584692F2152}.Ad-Hoc|ARM.ActiveCfg = Ad-Hoc|iPhone
		{A5120091-4B0A-4419-A7EB-9584692F2152}.Ad-Hoc|iPhone.ActiveCfg = Ad-Hoc|iPhone
		{A5120091-4B0A-4419-A7EB-9584692F2152}.Ad-Hoc|iPhone.Build.0 = Ad-Hoc|iPhone
		{A5120091-4B0A-4419-A7EB-9584692F2152}.Ad-Hoc|iPhoneSimulator.ActiveCfg = Ad-Hoc|iPhoneSimulator
		{A5120091-4B0A-4419-A7EB-9584692F2152}.Ad-Hoc|iPhoneSimulator.Build.0 = Ad-Hoc|iPhoneSimulator
		{A5120091-4B0A-4419-A7EB-9584692F2152}.Ad-Hoc|x64.ActiveCfg = Ad-Hoc|iPhone
		{A5120091-4B0A-4419-A7EB-9584692F2152}.Ad-Hoc|x86.ActiveCfg = Ad-Hoc|iPhone
		{A5120091-4B0A-4419-A7EB-9584692F2152}.AppStore|Any CPU.ActiveCfg = AppStore|iPhone
		{A5120091-4B0A-4419-A7EB-9584692F2152}.AppStore|ARM.ActiveCfg = AppStore|iPhone
		{A5120091-4B0A-4419-A7EB-9584692F2152}.AppStore|iPhone.ActiveCfg = AppStore|iPhone
		{A5120091-4B0A-4419-A7EB-9584692F2152}.AppStore|iPhone.Build.0 = AppStore|iPhone
		{A5120091-4B0A-4419-A7EB-9584692F2152}.AppStore|iPhoneSimulator.ActiveCfg = AppStore|iPhoneSimulator
		{A5120091-4B0A-4419-A7EB-9584692F2152}.AppStore|iPhoneSimulator.Build.0 = AppStore|iPhoneSimulator
		{A5120091-4B0A-4419-A7EB-9584692F2152}.AppStore|x64.ActiveCfg = AppStore|iPhone
		{A5120091-4B0A-4419-A7EB-9584692F2152}.AppStore|x86.ActiveCfg = AppStore|iPhone
		{A5120091-4B0A-4419-A7EB-9584692F2152}.Debug|Any CPU.ActiveCfg = Debug|iPhoneSimulator
		{A5120091-4B0A-4419-A7EB-9584692F2152}.Debug|Any CPU.Build.0 = Debug|iPhoneSimulator
		{A5120091-4B0A-4419-A7EB-9584692F2152}.Debug|ARM.ActiveCfg = Debug|iPhone
		{A5120091-4B0A-4419-A7EB-9584692F2152}.Debug|iPhone.ActiveCfg = Debug|iPhone
		{A5120091-4B0A-4419-A7EB-9584692F2152}.Debug|iPhone.Build.0 = Debug|iPhone
		{A5120091-4B0A-4419-A7EB-9584692F2152}.Debug|iPhoneSimulator.ActiveCfg = Debug|iPhoneSimulator
		{A5120091-4B0A-4419-A7EB-9584692F2152}.Debug|iPhoneSimulator.Build.0 = Debug|iPhoneSimulator
		{A5120091-4B0A-4419-A7EB-9584692F2152}.Debug|x64.ActiveCfg = Debug|iPhone
		{A5120091-4B0A-4419-A7EB-9584692F2152}.Debug|x86.ActiveCfg = Debug|iPhone
		{A5120091-4B0A-4419-A7EB-9584692F2152}.Release|Any CPU.ActiveCfg = Release|iPhone
		{A5120091-4B0A-4419-A7EB-9584692F2152}.Release|ARM.ActiveCfg = Release|iPhone
		{A5120091-4B0A-4419-A7EB-9584692F2152}.Release|iPhone.ActiveCfg = Release|iPhone
		{A5120091-4B0A-4419-A7EB-9584692F2152}.Release|iPhone.Build.0 = Release|iPhone
		{A5120091-4B0A-4419-A7EB-9584692F2152}.Release|iPhoneSimulator.ActiveCfg = Release|iPhoneSimulator
		{A5120091-4B0A-4419-A7EB-9584692F2152}.Release|iPhoneSimulator.Build.0 = Release|iPhoneSimulator
		{A5120091-4B0A-4419-A7EB-9584692F2152}.Release|x64.ActiveCfg = Release|iPhone
		{A5120091-4B0A-4419-A7EB-9584692F2152}.Release|x86.ActiveCfg = Release|iPhone
	EndGlobalSection
	GlobalSection(SolutionProperties) = preSolution
		HideSolutionNode = FALSE
	EndGlobalSection
EndGlobal
